{
    "_readme": [
        "This file locks the dependencies of your project to a known state",
        "Read more about it at https://getcomposer.org/doc/01-basic-usage.md#installing-dependencies",
        "This file is @generated automatically"
    ],
    "content-hash": "18df4fbe4636eafd6879db972cf6c5f7",
    "packages": [
        {
            "name": "kaviru/muse-core",
            "version": "V2.0.4",
            "source": {
                "type": "git",
                "url": "https://github.com/Kavirubc/muse-core.git",
                "reference": "ee5b508fad33d6096e02c0b066369bd22a152210"
            },
            "dist": {
                "type": "zip",
                "url": "https://api.github.com/repos/Kavirubc/muse-core/zipball/ee5b508fad33d6096e02c0b066369bd22a152210",
                "reference": "ee5b508fad33d6096e02c0b066369bd22a152210",
                "shasum": ""
            },
            "type": "library",
            "autoload": {
                "files": [
                    "helpers.php",
                    "bootloader.php"
                ],
                "psr-4": {
                    "Kaviru\\MuseCore\\": "src/"
                }
            },
            "notification-url": "https://packagist.org/downloads/",
            "license": [
                "MIT"
            ],
            "authors": [
                {
                    "name": "Kaviru Hapuarachchi",
                    "email": "hapuarachchikaviru@gmail.com"
                }
            ],
            "description": "Core of the Muse Framework.",
            "support": {
                "issues": "https://github.com/Kavirubc/muse-core/issues",
                "source": "https://github.com/Kavirubc/muse-core/tree/V2.0.4"
            },
            "time": "2024-12-01T10:52:20+00:00"
        }
    ],
    "packages-dev": [],
    "aliases": [],
    "minimum-stability": "stable",
    "stability-flags": [],
    "prefer-stable": false,
    "prefer-lowest": false,
    "platform": {
        "php": ">=8.0"
    },
    "platform-dev": [],
    "plugin-api-version": "2.6.0"
}
